
Microsoft Visual Studio Solution File, Format Version 12.00
# Visual Studio Version 16
VisualStudioVersion = 16.0.30804.86
MinimumVisualStudioVersion = 10.0.40219.1
Project("{FAE04EC0-301F-11D3-BF4B-00C04F79EFBC}") = "Painter Dietmar Schoder", "Painter Dietmar Schoder.csproj", "{EAC6D965-FAF7-420F-A1C1-660E3F782C12}"
EndProject
Global
	GlobalSection(SolutionConfigurationPlatforms) = preSolution
		Debug|Any CPU = Debug|Any CPU
		Release|Any CPU = Release|Any CPU
	EndGlobalSection
	GlobalSection(ProjectConfigurationPlatforms) = postSolution
		{EAC6D965-FAF7-420F-A1C1-660E3F782C12}.Debug|Any CPU.ActiveCfg = Debug|Any CPU
		{EAC6D965-FAF7-420F-A1C1-660E3F782C12}.Debug|Any CPU.Build.0 = Debug|Any CPU
		{EAC6D965-FAF7-420F-A1C1-660E3F782C12}.Release|Any CPU.ActiveCfg = Release|Any CPU
		{EAC6D965-FAF7-420F-A1C1-660E3F782C12}.Release|Any CPU.Build.0 = Release|Any CPU
	EndGlobalSection
	GlobalSection(SolutionProperties) = preSolution
		HideSolutionNode = FALSE
	EndGlobalSection
	GlobalSection(ExtensibilityGlobals) = postSolution
		SolutionGuid = {B4CEAF81-2A6A-4B1A-A49A-700E2C909684}
	EndGlobalSection
EndGlobal
